
Microsoft Visual Studio Solution File, Format Version 12.00
# Visual Studio Version 16
VisualStudioVersion = 16.0.31205.134
MinimumVisualStudioVersion = 10.0.40219.1
Project("{FAE04EC0-301F-11D3-BF4B-00C04F79EFBC}") = "OC.Domain", "OC.Domain\OC.Domain.csproj", "{7938BC62-A1D6-486E-82A1-7E645D3662B6}"
EndProject
Project("{FAE04EC0-301F-11D3-BF4B-00C04F79EFBC}") = "OC.Infrastructure.Data", "OC.Infrastructure.Data\OC.Infrastructure.Data.csproj", "{2BB3DA25-CBBD-42CF-95FF-7861AA9E7836}"
EndProject
Project("{FAE04EC0-301F-11D3-BF4B-00C04F79EFBC}") = "OC.Infrastructure.IoC", "OC.Infrastructure.IoC\OC.Infrastructure.IoC.csproj", "{FF8E6D1D-4248-4802-984B-ACA919C88593}"
EndProject
Global
	GlobalSection(SolutionConfigurationPlatforms) = preSolution
		Debug|Any CPU = Debug|Any CPU
		Release|Any CPU = Release|Any CPU
	EndGlobalSection
	GlobalSection(ProjectConfigurationPlatforms) = postSolution
		{7938BC62-A1D6-486E-82A1-7E645D3662B6}.Debug|Any CPU.ActiveCfg = Debug|Any CPU
		{7938BC62-A1D6-486E-82A1-7E645D3662B6}.Debug|Any CPU.Build.0 = Debug|Any CPU
		{7938BC62-A1D6-486E-82A1-7E645D3662B6}.Release|Any CPU.ActiveCfg = Release|Any CPU
		{7938BC62-A1D6-486E-82A1-7E645D3662B6}.Release|Any CPU.Build.0 = Release|Any CPU
		{2BB3DA25-CBBD-42CF-95FF-7861AA9E7836}.Debug|Any CPU.ActiveCfg = Debug|Any CPU
		{2BB3DA25-CBBD-42CF-95FF-7861AA9E7836}.Debug|Any CPU.Build.0 = Debug|Any CPU
		{2BB3DA25-CBBD-42CF-95FF-7861AA9E7836}.Release|Any CPU.ActiveCfg = Release|Any CPU
		{2BB3DA25-CBBD-42CF-95FF-7861AA9E7836}.Release|Any CPU.Build.0 = Release|Any CPU
		{FF8E6D1D-4248-4802-984B-ACA919C88593}.Debug|Any CPU.ActiveCfg = Debug|Any CPU
		{FF8E6D1D-4248-4802-984B-ACA919C88593}.Debug|Any CPU.Build.0 = Debug|Any CPU
		{FF8E6D1D-4248-4802-984B-ACA919C88593}.Release|Any CPU.ActiveCfg = Release|Any CPU
		{FF8E6D1D-4248-4802-984B-ACA919C88593}.Release|Any CPU.Build.0 = Release|Any CPU
	EndGlobalSection
	GlobalSection(SolutionProperties) = preSolution
		HideSolutionNode = FALSE
	EndGlobalSection
	GlobalSection(ExtensibilityGlobals) = postSolution
		SolutionGuid = {09D83A54-171F-4B1E-B857-0F7F7947C7CC}
	EndGlobalSection
EndGlobal
